
Microsoft Visual Studio Solution File, Format Version 12.00
# Visual Studio Version 16
VisualStudioVersion = 16.0.30907.101
MinimumVisualStudioVersion = 10.0.40219.1
Project("{FAE04EC0-301F-11D3-BF4B-00C04F79EFBC}") = "Abwesendheitsprogramm", "Abwesendheitsprogramm\Abwesendheitsprogramm.csproj", "{C2CF8FE6-D5FA-47A2-BD6B-77612D2438A7}"
EndProject
Global
	GlobalSection(SolutionConfigurationPlatforms) = preSolution
		Debug|Any CPU = Debug|Any CPU
		Release|Any CPU = Release|Any CPU
	EndGlobalSection
	GlobalSection(ProjectConfigurationPlatforms) = postSolution
		{C2CF8FE6-D5FA-47A2-BD6B-77612D2438A7}.Debug|Any CPU.ActiveCfg = Debug|Any CPU
		{C2CF8FE6-D5FA-47A2-BD6B-77612D2438A7}.Debug|Any CPU.Build.0 = Debug|Any CPU
		{C2CF8FE6-D5FA-47A2-BD6B-77612D2438A7}.Release|Any CPU.ActiveCfg = Release|Any CPU
		{C2CF8FE6-D5FA-47A2-BD6B-77612D2438A7}.Release|Any CPU.Build.0 = Release|Any CPU
	EndGlobalSection
	GlobalSection(SolutionProperties) = preSolution
		HideSolutionNode = FALSE
	EndGlobalSection
	GlobalSection(ExtensibilityGlobals) = postSolution
		SolutionGuid = {2DD524E4-5644-4DEB-A4A6-BA160A6CEA19}
	EndGlobalSection
EndGlobal
